
Microsoft Visual Studio Solution File, Format Version 12.00
# Visual Studio Version 16
VisualStudioVersion = 16.0.32428.217
MinimumVisualStudioVersion = 10.0.40219.1
Project("{FAE04EC0-301F-11D3-BF4B-00C04F79EFBC}") = "DiaryDbAccess", "DiaryDbAccess\DiaryDbAccess.csproj", "{18D897AB-B437-4879-A48D-6BAA7FBB8995}"
EndProject
Project("{FAE04EC0-301F-11D3-BF4B-00C04F79EFBC}") = "DiaryWebServer", "DiaryWebServer\DiaryWebServer.csproj", "{1115BE64-A224-44F8-9A6D-039A050E6904}"
EndProject
Project("{FAE04EC0-301F-11D3-BF4B-00C04F79EFBC}") = "DiaryWebServer.Tests", "DiaryWebServer.Tests\DiaryWebServer.Tests.csproj", "{154CE327-A97A-40BC-A119-1E5AD78375EB}"
EndProject
Global
	GlobalSection(SolutionConfigurationPlatforms) = preSolution
		Debug|Any CPU = Debug|Any CPU
		Release|Any CPU = Release|Any CPU
	EndGlobalSection
	GlobalSection(ProjectConfigurationPlatforms) = postSolution
		{18D897AB-B437-4879-A48D-6BAA7FBB8995}.Debug|Any CPU.ActiveCfg = Debug|Any CPU
		{18D897AB-B437-4879-A48D-6BAA7FBB8995}.Debug|Any CPU.Build.0 = Debug|Any CPU
		{18D897AB-B437-4879-A48D-6BAA7FBB8995}.Release|Any CPU.ActiveCfg = Release|Any CPU
		{18D897AB-B437-4879-A48D-6BAA7FBB8995}.Release|Any CPU.Build.0 = Release|Any CPU
		{1115BE64-A224-44F8-9A6D-039A050E6904}.Debug|Any CPU.ActiveCfg = Debug|Any CPU
		{1115BE64-A224-44F8-9A6D-039A050E6904}.Debug|Any CPU.Build.0 = Debug|Any CPU
		{1115BE64-A224-44F8-9A6D-039A050E6904}.Release|Any CPU.ActiveCfg = Release|Any CPU
		{1115BE64-A224-44F8-9A6D-039A050E6904}.Release|Any CPU.Build.0 = Release|Any CPU
		{154CE327-A97A-40BC-A119-1E5AD78375EB}.Debug|Any CPU.ActiveCfg = Debug|Any CPU
		{154CE327-A97A-40BC-A119-1E5AD78375EB}.Debug|Any CPU.Build.0 = Debug|Any CPU
		{154CE327-A97A-40BC-A119-1E5AD78375EB}.Release|Any CPU.ActiveCfg = Release|Any CPU
		{154CE327-A97A-40BC-A119-1E5AD78375EB}.Release|Any CPU.Build.0 = Release|Any CPU
	EndGlobalSection
	GlobalSection(SolutionProperties) = preSolution
		HideSolutionNode = FALSE
	EndGlobalSection
	GlobalSection(ExtensibilityGlobals) = postSolution
		SolutionGuid = {87D5461F-EDD8-42BF-AA1D-5ED24345652A}
	EndGlobalSection
EndGlobal
