
Microsoft Visual Studio Solution File, Format Version 12.00
# Visual Studio Version 16
VisualStudioVersion = 16.0.30413.136
MinimumVisualStudioVersion = 10.0.40219.1
Project("{FAE04EC0-301F-11D3-BF4B-00C04F79EFBC}") = "Web", "Web\Web.csproj", "{160DEEC4-FDC7-4AEC-BCD8-F2965B8829CF}"
EndProject
Global
	GlobalSection(SolutionConfigurationPlatforms) = preSolution
		Debug|Any CPU = Debug|Any CPU
		Release|Any CPU = Release|Any CPU
	EndGlobalSection
	GlobalSection(ProjectConfigurationPlatforms) = postSolution
		{160DEEC4-FDC7-4AEC-BCD8-F2965B8829CF}.Debug|Any CPU.ActiveCfg = Debug|Any CPU
		{160DEEC4-FDC7-4AEC-BCD8-F2965B8829CF}.Debug|Any CPU.Build.0 = Debug|Any CPU
		{160DEEC4-FDC7-4AEC-BCD8-F2965B8829CF}.Release|Any CPU.ActiveCfg = Release|Any CPU
		{160DEEC4-FDC7-4AEC-BCD8-F2965B8829CF}.Release|Any CPU.Build.0 = Release|Any CPU
	EndGlobalSection
	GlobalSection(SolutionProperties) = preSolution
		HideSolutionNode = FALSE
	EndGlobalSection
	GlobalSection(ExtensibilityGlobals) = postSolution
		SolutionGuid = {6319A52A-4234-49EE-BC05-F580A1EC0893}
	EndGlobalSection
EndGlobal
